
Microsoft Visual Studio Solution File, Format Version 12.00
# Visual Studio Version 16
VisualStudioVersion = 25.0.1700.6
MinimumVisualStudioVersion = 10.0.40219.1
Project("{FAE04EC0-301F-11D3-BF4B-00C04F79EFBC}") = "DiceRoller.Android", "DiceRoller\DiceRoller.Android\DiceRoller.Android.csproj", "{642361E2-8BAE-4F86-A5E6-CC82548B7414}"
EndProject
Project("{FAE04EC0-301F-11D3-BF4B-00C04F79EFBC}") = "DiceRoller", "DiceRoller\DiceRoller\DiceRoller.csproj", "{806018D6-E774-414D-9A81-71639CCD4A5F}"
EndProject
Project("{FAE04EC0-301F-11D3-BF4B-00C04F79EFBC}") = "DiceRollerTest", "DiceRollerTest\DiceRollerTest.csproj", "{FA0F025A-0A5A-4367-8081-CA3669AB83E1}"
EndProject
Global
	GlobalSection(SolutionConfigurationPlatforms) = preSolution
		Debug|Any CPU = Debug|Any CPU
		Release|Any CPU = Release|Any CPU
	EndGlobalSection
	GlobalSection(ProjectConfigurationPlatforms) = postSolution
		{642361E2-8BAE-4F86-A5E6-CC82548B7414}.Debug|Any CPU.ActiveCfg = Debug|Any CPU
		{642361E2-8BAE-4F86-A5E6-CC82548B7414}.Debug|Any CPU.Build.0 = Debug|Any CPU
		{642361E2-8BAE-4F86-A5E6-CC82548B7414}.Release|Any CPU.ActiveCfg = Release|Any CPU
		{642361E2-8BAE-4F86-A5E6-CC82548B7414}.Release|Any CPU.Build.0 = Release|Any CPU
		{806018D6-E774-414D-9A81-71639CCD4A5F}.Debug|Any CPU.ActiveCfg = Debug|Any CPU
		{806018D6-E774-414D-9A81-71639CCD4A5F}.Debug|Any CPU.Build.0 = Debug|Any CPU
		{806018D6-E774-414D-9A81-71639CCD4A5F}.Release|Any CPU.ActiveCfg = Release|Any CPU
		{806018D6-E774-414D-9A81-71639CCD4A5F}.Release|Any CPU.Build.0 = Release|Any CPU
		{FA0F025A-0A5A-4367-8081-CA3669AB83E1}.Debug|Any CPU.ActiveCfg = Debug|Any CPU
		{FA0F025A-0A5A-4367-8081-CA3669AB83E1}.Debug|Any CPU.Build.0 = Debug|Any CPU
		{FA0F025A-0A5A-4367-8081-CA3669AB83E1}.Release|Any CPU.ActiveCfg = Release|Any CPU
		{FA0F025A-0A5A-4367-8081-CA3669AB83E1}.Release|Any CPU.Build.0 = Release|Any CPU
	EndGlobalSection
	GlobalSection(SolutionProperties) = preSolution
		HideSolutionNode = FALSE
	EndGlobalSection
	GlobalSection(ExtensibilityGlobals) = postSolution
		SolutionGuid = {BC06EF5F-6DE4-465A-9308-03EC1DDDABAF}
	EndGlobalSection
EndGlobal
